{
  "name": "node",
  "version": "1.0.0",
  "lockfileVersion": 2,
  "requires": true,
  "packages": {
    "": {
      "name": "node",
      "version": "1.0.0",
      "license": "ISC",
      "dependencies": {
        "@redhead80/ajs": "^1.0.0"
      }
    },
    "node_modules/@redhead80/ajs": {
      "version": "1.0.0",
      "resolved": "https://npm.pkg.github.com/download/@redhead80/ajs/1.0.0/78154f00e41c25d78ac5b2339d930498ecad9bccb279d5560bcff6edc35efcef",
      "integrity": "sha512-4TwZi5+7zKPcNkwK/YbGotA8GO9jmw0YMwZNJC9+UA6q7LFP33f4D5L6CBJWUBwv5kHgmh8JYxbR9jkQKppWew==",
      "license": "ISC"
    }
  },
  "dependencies": {
    "@redhead80/ajs": {
      "version": "1.0.0",
      "resolved": "https://npm.pkg.github.com/download/@redhead80/ajs/1.0.0/78154f00e41c25d78ac5b2339d930498ecad9bccb279d5560bcff6edc35efcef",
      "integrity": "sha512-4TwZi5+7zKPcNkwK/YbGotA8GO9jmw0YMwZNJC9+UA6q7LFP33f4D5L6CBJWUBwv5kHgmh8JYxbR9jkQKppWew=="
    }
  }
}
